{
  "meteor": {},
  "dependencies": {
    "basePackages": {
      "router": {},
      "bootboxjs": {},
      "publish-with-relations": {},
      "turkserver": {
        "path": "../turkserver-meteor"
      },
      "sharejs": {
        "path": "../meteor-sharejs"
      },
      "user-status": {
        "path": "../meteor-user-status"
      },
      "accounts-testing": {
        "path": "../meteor-accounts-testing"
      },
      "x-editable-bootstrap": {
        "path": "../meteor-x-editable-bootstrap"
      }
    },
    "packages": {
      "bootboxjs": {
        "git": "https://github.com/TimHeckel/meteor-bootboxjs.git",
        "tag": "v3.2.0",
        "commit": "6088b5b6ec13304457394cd358cbdc5f3def1a1c"
      },
      "publish-with-relations": {
        "git": "https://github.com/erundook/meteor-publish-with-relations.git",
        "tag": "v0.1.5",
        "commit": "98213e9f056b139597c99fb9ec2884ae6be76d91"
      },
      "turkserver": {
        "path": "../turkserver-meteor"
      },
      "sharejs": {
        "path": "../meteor-sharejs"
      },
      "user-status": {
        "path": "../meteor-user-status"
      },
      "accounts-testing": {
        "path": "../meteor-accounts-testing"
      },
      "x-editable-bootstrap": {
        "path": "../meteor-x-editable-bootstrap"
      },
      "collection-hooks": {
        "path": "../meteor-collection-hooks"
      }
    }
  }
}
