{
  "meteor": {},
  "dependencies": {
    "basePackages": {
      "iron-router": {},
      "jqueryui": {},
      "jquery-migrate": {},
      "x-editable-bootstrap": {
        "path": "../meteor-x-editable-bootstrap"
      },
      "bootboxjs": {
        "path": "../meteor-bootboxjs"
      },
      "user-status": {
        "path": "../meteor-user-status"
      },
      "collection-hooks": {
        "path": "../meteor-collection-hooks"
      },
      "partitioner": {
        "path": "../meteor-partitioner"
      },
      "turkserver": {
        "path": "../turkserver-meteor"
      },
      "sharejs": {
        "path": "../meteor-sharejs"
      },
      "autocomplete": {
        "path": "../meteor-autocomplete"
      },
      "tutorials": {
        "path": "../meteor-tutorials"
      },
      "timesync": {
        "path": "../meteor-timesync"
      }
    },
    "packages": {
      "iron-router": {
        "git": "https://github.com/EventedMind/iron-router.git",
        "tag": "v0.7.1",
        "commit": "d1ffb3f06ea4c112132b030f2eb1a70b81675ecb"
      },
      "jqueryui": {
        "git": "https://github.com/mizzao/meteor-jqueryui.git",
        "tag": "v1.10.4",
        "commit": "c75906fc9e1e19abf1ad5b2963925122ff8a0336"
      },
      "jquery-migrate": {
        "git": "https://github.com/canadaduane/meteor-jquery-migrate.git",
        "tag": "v2.0.0",
        "commit": "636819c9de59f66410e148867b229869bb045cea"
      },
      "x-editable-bootstrap": {
        "path": "../meteor-x-editable-bootstrap"
      },
      "bootboxjs": {
        "path": "../meteor-bootboxjs"
      },
      "user-status": {
        "path": "../meteor-user-status"
      },
      "collection-hooks": {
        "path": "../meteor-collection-hooks"
      },
      "partitioner": {
        "path": "../meteor-partitioner"
      },
      "turkserver": {
        "path": "../turkserver-meteor"
      },
      "sharejs": {
        "path": "../meteor-sharejs"
      },
      "autocomplete": {
        "path": "../meteor-autocomplete"
      },
      "tutorials": {
        "path": "../meteor-tutorials"
      },
      "timesync": {
        "path": "../meteor-timesync"
      },
      "blaze-layout": {
        "git": "https://github.com/EventedMind/blaze-layout.git",
        "tag": "v0.2.4",
        "commit": "b40e9b0612329288d75cf52ad14a7da64bb8618f"
      },
      "build-fetcher": {
        "git": "https://github.com/mizzao/meteor-build-fetcher.git",
        "tag": "v0.1.0",
        "commit": "e3813b1fc7f5c576e8e1fa4c51ae6f4687780a35"
      },
      "bootstrap-3": {
        "git": "https://github.com/mangasocial/meteor-bootstrap-3.git",
        "tag": "v3.1.1-1",
        "commit": "63dd38968828bb8963636df93e9a1c45e2dfe67e"
      },
      "moment": {
        "git": "https://github.com/acreeger/meteor-moment.git",
        "tag": "v2.5.1",
        "commit": "8c9bc5d3fc96705057737cb9743d555417f6e551"
      }
    }
  }
}
