{
  "meteor": {},
  "dependencies": {
    "basePackages": {
      "bootboxjs": {},
      "iron-router": {},
      "publish-with-relations": {},
      "x-editable-bootstrap": {},
      "build-fetcher": {
        "path": "../meteor-build-fetcher"
      },
      "turkserver": {
        "path": "../turkserver-meteor"
      },
      "sharejs": {
        "path": "../meteor-sharejs"
      },
      "user-status": {
        "path": "../meteor-user-status"
      },
      "autocomplete": {
        "path": "../meteor-autocomplete"
      },
      "tutorials": {
        "path": "../meteor-tutorials"
      },
      "jqueryui": {
        "path": "../meteor-jqueryui"
      }
    },
    "packages": {
      "bootboxjs": {
        "git": "https://github.com/TimHeckel/meteor-bootboxjs.git",
        "tag": "v3.2.2",
        "commit": "580adfebfa12b4d2186a80cec1109dab74ad6228"
      },
      "iron-router": {
        "git": "https://github.com/EventedMind/iron-router.git",
        "tag": "v0.6.2",
        "commit": "ce56e58b45624dce992490f3a1c10f10d3948bae"
      },
      "publish-with-relations": {
        "git": "https://github.com/erundook/meteor-publish-with-relations.git",
        "tag": "v0.1.5",
        "commit": "98213e9f056b139597c99fb9ec2884ae6be76d91"
      },
      "x-editable-bootstrap": {
        "git": "https://github.com/nate-strauser/meteor-x-editable-bootstrap.git",
        "tag": "v1.4.6.2",
        "commit": "d3fcead1dd2302e30522e8c09d020f9a3d312cd0"
      },
      "build-fetcher": {
        "path": "../meteor-build-fetcher"
      },
      "turkserver": {
        "path": "../turkserver-meteor"
      },
      "sharejs": {
        "path": "../meteor-sharejs"
      },
      "user-status": {
        "path": "../meteor-user-status"
      },
      "autocomplete": {
        "path": "../meteor-autocomplete"
      },
      "tutorials": {
        "path": "../meteor-tutorials"
      },
      "jqueryui": {
        "path": "../meteor-jqueryui"
      },
      "moment": {
        "git": "https://github.com/acreeger/meteor-moment.git",
        "tag": "v2.5.1",
        "commit": "8c9bc5d3fc96705057737cb9743d555417f6e551"
      },
      "collection-hooks": {
        "path": "../meteor-collection-hooks"
      }
    }
  }
}
